// !$*UTF8*$!
{
	archiveVersion = 1;
	classes = {
	};
	objectVersion = 46;
	objects = {

/* Begin PBXBuildFile section */
		BD2E5F361D5EA565009FE06A /* AppDelegate.swift in Sources */ = {isa = PBXBuildFile; fileRef = BD2E5F351D5EA565009FE06A /* AppDelegate.swift */; };
		BD2E5F381D5EA565009FE06A /* ViewController.swift in Sources */ = {isa = PBXBuildFile; fileRef = BD2E5F371D5EA565009FE06A /* ViewController.swift */; };
		BD2E5F3B1D5EA565009FE06A /* Main.storyboard in Resources */ = {isa = PBXBuildFile; fileRef = BD2E5F391D5EA565009FE06A /* Main.storyboard */; };
		BD2E5F3D1D5EA565009FE06A /* Assets.xcassets in Resources */ = {isa = PBXBuildFile; fileRef = BD2E5F3C1D5EA565009FE06A /* Assets.xcassets */; };
		BD2E5F401D5EA565009FE06A /* LaunchScreen.storyboard in Resources */ = {isa = PBXBuildFile; fileRef = BD2E5F3E1D5EA565009FE06A /* LaunchScreen.storyboard */; };
/* End PBXBuildFile section */

/* Begin PBXFileReference section */
		BD2E5F321D5EA565009FE06A /* fingerGame.app */ = {isa = PBXFileReference; explicitFileType = wrapper.application; includeInIndex = 0; path = fingerGame.app; sourceTree = BUILT_PRODUCTS_DIR; };
		BD2E5F351D5EA565009FE06A /* AppDelegate.swift */ = {isa = PBXFileReference; lastKnownFileType = sourcecode.swift; path = AppDelegate.swift; sourceTree = "<group>"; };
		BD2E5F371D5EA565009FE06A /* ViewController.swift */ = {isa = PBXFileReference; lastKnownFileType = sourcecode.swift; path = ViewController.swift; sourceTree = "<group>"; };
		BD2E5F3A1D5EA565009FE06A /* Base */ = {isa = PBXFileReference; lastKnownFileType = file.storyboard; name = Base; path = Base.lproj/Main.storyboard; sourceTree = "<group>"; };
		BD2E5F3C1D5EA565009FE06A /* Assets.xcassets */ = {isa = PBXFileReference; lastKnownFileType = folder.assetcatalog; path = Assets.xcassets; sourceTree = "<group>"; };
		BD2E5F3F1D5EA565009FE06A /* Base */ = {isa = PBXFileReference; lastKnownFileType = file.storyboard; name = Base; path = Base.lproj/LaunchScreen.storyboard; sourceTree = "<group>"; };
		BD2E5F411D5EA565009FE06A /* Info.plist */ = {isa = PBXFileReference; lastKnownFileType = text.plist.xml; path = Info.plist; sourceTree = "<group>"; };
/* End PBXFileReference section */

/* Begin PBXFrameworksBuildPhase section */
		BD2E5F2F1D5EA565009FE06A /* Frameworks */ = {
			isa = PBXFrameworksBuildPhase;
			buildActionMask = 2147483647;
			files = (
			);
			runOnlyForDeploymentPostprocessing = 0;
		};
/* End PBXFrameworksBuildPhase section */

/* Begin PBXGroup section */
		BD2E5F291D5EA565009FE06A = {
			isa = PBXGroup;
			children = (
				BD2E5F341D5EA565009FE06A /* fingerGame */,
				BD2E5F331D5EA565009FE06A /* Products */,
			);
			sourceTree = "<group>";
		};
		BD2E5F331D5EA565009FE06A /* Products */ = {
			isa = PBXGroup;
			children = (
				BD2E5F321D5EA565009FE06A /* fingerGame.app */,
			);
			name = Products;
			sourceTree = "<group>";
		};
		BD2E5F341D5EA565009FE06A /* fingerGame */ = {
			isa = PBXGroup;
			children = (
				BD2E5F351D5EA565009FE06A /* AppDelegate.swift */,
				BD2E5F371D5EA565009FE06A /* ViewController.swift */,
				BD2E5F391D5EA565009FE06A /* Main.storyboard */,
				BD2E5F3C1D5EA565009FE06A /* Assets.xcassets */,
				BD2E5F3E1D5EA565009FE06A /* LaunchScreen.storyboard */,
				BD2E5F411D5EA565009FE06A /* Info.plist */,
			);
			path = fingerGame;
			sourceTree = "<group>";
		};
/* End PBXGroup section */

/* Begin PBXNativeTarget section */
		BD2E5F311D5EA565009FE06A /* fingerGame */ = {
			isa = PBXNativeTarget;
			buildConfigurationList = BD2E5F441D5EA565009FE06A /* Build configuration list for PBXNativeTarget "fingerGame" */;
			buildPhases = (
				BD2E5F2E1D5EA565009FE06A /* Sources */,
				BD2E5F2F1D5EA565009FE06A /* Frameworks */,
				BD2E5F301D5EA565009FE06A /* Resources */,
			);
			buildRules = (
			);
			dependencies = (
			);
			name = fingerGame;
			productName = fingerGame;
			productReference = BD2E5F321D5EA565009FE06A /* fingerGame.app */;
			productType = "com.apple.product-type.application";
		};
/* End PBXNativeTarget section */

/* Begin PBXProject section */
		BD2E5F2A1D5EA565009FE06A /* Project object */ = {
			isa = PBXProject;
			attributes = {
				LastSwiftUpdateCheck = 0800;
				LastUpgradeCheck = 0800;
				ORGANIZATIONNAME = "Mohib Ibrahim";
				TargetAttributes = {
					BD2E5F311D5EA565009FE06A = {
						CreatedOnToolsVersion = 8.0;
						ProvisioningStyle = Automatic;
					};
				};
			};
			buildConfigurationList = BD2E5F2D1D5EA565009FE06A /* Build configuration list for PBXProject "fingerGame" */;
			compatibilityVersion = "Xcode 3.2";
			developmentRegion = English;
			hasScannedForEncodings = 0;
			knownRegions = (
				en,
				Base,
			);
			mainGroup = BD2E5F291D5EA565009FE06A;
			productRefGroup = BD2E5F331D5EA565009FE06A /* Products */;
			projectDirPath = "";
			projectRoot = "";
			targets = (
				BD2E5F311D5EA565009FE06A /* fingerGame */,
			);
		};
/* End PBXProject section */

/* Begin PBXResourcesBuildPhase section */
		BD2E5F301D5EA565009FE06A /* Resources */ = {
			isa = PBXResourcesBuildPhase;
			buildActionMask = 2147483647;
			files = (
				BD2E5F401D5EA565009FE06A /* LaunchScreen.storyboard in Resources */,
				BD2E5F3D1D5EA565009FE06A /* Assets.xcassets in Resources */,
				BD2E5F3B1D5EA565009FE06A /* Main.storyboard in Resources */,
			);
			runOnlyForDeploymentPostprocessing = 0;
		};
/* End PBXResourcesBuildPhase section */

/* Begin PBXSourcesBuildPhase section */
		BD2E5F2E1D5EA565009FE06A /* Sources */ = {
			isa = PBXSourcesBuildPhase;
			buildActionMask = 2147483647;
			files = (
				BD2E5F381D5EA565009FE06A /* ViewController.swift in Sources */,
				BD2E5F361D5EA565009FE06A /* AppDelegate.swift in Sources */,
			);
			runOnlyForDeploymentPostprocessing = 0;
		};
/* End PBXSourcesBuildPhase section */

/* Begin PBXVariantGroup section */
		BD2E5F391D5EA565009FE06A /* Main.storyboard */ = {
			isa = PBXVariantGroup;
			children = (
				BD2E5F3A1D5EA565009FE06A /* Base */,
			);
			name = Main.storyboard;
			sourceTree = "<group>";
		};
		BD2E5F3E1D5EA565009FE06A /* LaunchScreen.storyboard */ = {
			isa = PBXVariantGroup;
			children = (
				BD2E5F3F1D5EA565009FE06A /* Base */,
			);
			name = LaunchScreen.storyboard;
			sourceTree = "<group>";
		};
/* End PBXVariantGroup section */

/* Begin XCBuildConfiguration section */
		BD2E5F421D5EA565009FE06A /* Debug */ = {
			isa = XCBuildConfiguration;
			buildSettings = {
				ALWAYS_SEARCH_USER_PATHS = NO;
				CLANG_ANALYZER_NONNULL = YES;
				CLANG_CXX_LANGUAGE_STANDARD = "gnu++0x";
				CLANG_CXX_LIBRARY = "libc++";
				CLANG_ENABLE_MODULES = YES;
				CLANG_ENABLE_OBJC_ARC = YES;
				CLANG_WARN_BOOL_CONVERSION = YES;
				CLANG_WARN_CONSTANT_CONVERSION = YES;
				CLANG_WARN_DIRECT_OBJC_ISA_USAGE = YES_ERROR;
				CLANG_WARN_DOCUMENTATION_COMMENTS = YES;
				CLANG_WARN_EMPTY_BODY = YES;
				CLANG_WARN_ENUM_CONVERSION = YES;
				CLANG_WARN_INFINITE_RECURSION = YES;
				CLANG_WARN_INT_CONVERSION = YES;
				CLANG_WARN_OBJC_ROOT_CLASS = YES_ERROR;
				CLANG_WARN_SUSPICIOUS_MOVES = YES;
				CLANG_WARN_UNREACHABLE_CODE = YES;
				CLANG_WARN__DUPLICATE_METHOD_MATCH = YES;
				"CODE_SIGN_IDENTITY[sdk=iphoneos*]" = "iPhone Developer";
				COPY_PHASE_STRIP = NO;
				DEBUG_INFORMATION_FORMAT = dwarf;
				ENABLE_STRICT_OBJC_MSGSEND = YES;
				ENABLE_TESTABILITY = YES;
				GCC_C_LANGUAGE_STANDARD = gnu99;
				GCC_DYNAMIC_NO_PIC = NO;
				GCC_NO_COMMON_BLOCKS = YES;
				GCC_OPTIMIZATION_LEVEL = 0;
				GCC_PREPROCESSOR_DEFINITIONS = (
					"DEBUG=1",
					"$(inherited)",
				);
				GCC_WARN_64_TO_32_BIT_CONVERSION = YES;
				GCC_WARN_ABOUT_RETURN_TYPE = YES_ERROR;
				GCC_WARN_UNDECLARED_SELECTOR = YES;
				GCC_WARN_UNINITIALIZED_AUTOS = YES_AGGRESSIVE;
				GCC_WARN_UNUSED_FUNCTION = YES;
				GCC_WARN_UNUSED_VARIABLE = YES;
				IPHONEOS_DEPLOYMENT_TARGET = 10.0;
				MTL_ENABLE_DEBUG_INFO = YES;
				ONLY_ACTIVE_ARCH = YES;
				SDKROOT = iphoneos;
				SWIFT_ACTIVE_COMPILATION_CONDITIONS = DEBUG;
				SWIFT_OPTIMIZATION_LEVEL = "-Onone";
			};
			name = Debug;
		};
		BD2E5F431D5EA565009FE06A /* Release */ = {
			isa = XCBuildConfiguration;
			buildSettings = {
				ALWAYS_SEARCH_USER_PATHS = NO;
				CLANG_ANALYZER_NONNULL = YES;
				CLANG_CXX_LANGUAGE_STANDARD = "gnu++0x";
				CLANG_CXX_LIBRARY = "libc++";
				CLANG_ENABLE_MODULES = YES;
				CLANG_ENABLE_OBJC_ARC = YES;
				CLANG_WARN_BOOL_CONVERSION = YES;
				CLANG_WARN_CONSTANT_CONVERSION = YES;
				CLANG_WARN_DIRECT_OBJC_ISA_USAGE = YES_ERROR;
				CLANG_WARN_DOCUMENTATION_COMMENTS = YES;
				CLANG_WARN_EMPTY_BODY = YES;
				CLANG_WARN_ENUM_CONVERSION = YES;
				CLANG_WARN_INFINITE_RECURSION = YES;
				CLANG_WARN_INT_CONVERSION = YES;
				CLANG_WARN_OBJC_ROOT_CLASS = YES_ERROR;
				CLANG_WARN_SUSPICIOUS_MOVES = YES;
				CLANG_WARN_UNREACHABLE_CODE = YES;
				CLANG_WARN__DUPLICATE_METHOD_MATCH = YES;
				"CODE_SIGN_IDENTITY[sdk=iphoneos*]" = "iPhone Developer";
				COPY_PHASE_STRIP = NO;
				DEBUG_INFORMATION_FORMAT = "dwarf-with-dsym";
				ENABLE_NS_ASSERTIONS = NO;
				ENABLE_STRICT_OBJC_MSGSEND = YES;
				GCC_C_LANGUAGE_STANDARD = gnu99;
				GCC_NO_COMMON_BLOCKS = YES;
				GCC_WARN_64_TO_32_BIT_CONVERSION = YES;
				GCC_WARN_ABOUT_RETURN_TYPE = YES_ERROR;
				GCC_WARN_UNDECLARED_SELECTOR = YES;
				GCC_WARN_UNINITIALIZED_AUTOS = YES_AGGRESSIVE;
				GCC_WARN_UNUSED_FUNCTION = YES;
				GCC_WARN_UNUSED_VARIABLE = YES;
				IPHONEOS_DEPLOYMENT_TARGET = 10.0;
				MTL_ENABLE_DEBUG_INFO = NO;
				SDKROOT = iphoneos;
				SWIFT_OPTIMIZATION_LEVEL = "-Owholemodule";
				VALIDATE_PRODUCT = YES;
			};
			name = Release;
		};
		BD2E5F451D5EA565009FE06A /* Debug */ = {
			isa = XCBuildConfiguration;
			buildSettings = {
				ASSETCATALOG_COMPILER_APPICON_NAME = AppIcon;
				INFOPLIST_FILE = fingerGame/Info.plist;
				LD_RUNPATH_SEARCH_PATHS = "$(inherited) @executable_path/Frameworks";
				PRODUCT_BUNDLE_IDENTIFIER = com.mibrahim.fingerGame;
				PRODUCT_NAME = "$(TARGET_NAME)";
				SWIFT_VERSION = 3.0;
			};
			name = Debug;
		};
		BD2E5F461D5EA565009FE06A /* Release */ = {
			isa = XCBuildConfiguration;
			buildSettings = {
				ASSETCATALOG_COMPILER_APPICON_NAME = AppIcon;
				INFOPLIST_FILE = fingerGame/Info.plist;
				LD_RUNPATH_SEARCH_PATHS = "$(inherited) @executable_path/Frameworks";
				PRODUCT_BUNDLE_IDENTIFIER = com.mibrahim.fingerGame;
				PRODUCT_NAME = "$(TARGET_NAME)";
				SWIFT_VERSION = 3.0;
			};
			name = Release;
		};
/* End XCBuildConfiguration section */

/* Begin XCConfigurationList section */
		BD2E5F2D1D5EA565009FE06A /* Build configuration list for PBXProject "fingerGame" */ = {
			isa = XCConfigurationList;
			buildConfigurations = (
				BD2E5F421D5EA565009FE06A /* Debug */,
				BD2E5F431D5EA565009FE06A /* Release */,
			);
			defaultConfigurationIsVisible = 0;
			defaultConfigurationName = Release;
		};
		BD2E5F441D5EA565009FE06A /* Build configuration list for PBXNativeTarget "fingerGame" */ = {
			isa = XCConfigurationList;
			buildConfigurations = (
				BD2E5F451D5EA565009FE06A /* Debug */,
				BD2E5F461D5EA565009FE06A /* Release */,
			);
			defaultConfigurationIsVisible = 0;
		};
/* End XCConfigurationList section */
	};
	rootObject = BD2E5F2A1D5EA565009FE06A /* Project object */;
}
